
Microsoft Visual Studio Solution File, Format Version 12.00
# Visual Studio Version 17
VisualStudioVersion = 17.5.33414.496
MinimumVisualStudioVersion = 10.0.40219.1
Project("{FAE04EC0-301F-11D3-BF4B-00C04F79EFBC}") = "BooksApp", "BooksApp\BooksApp.csproj", "{A8BCE1E3-828B-4AA2-92FE-A841C3B999D2}"
EndProject
Global
	GlobalSection(SolutionConfigurationPlatforms) = preSolution
		Debug|Any CPU = Debug|Any CPU
		Release|Any CPU = Release|Any CPU
	EndGlobalSection
	GlobalSection(ProjectConfigurationPlatforms) = postSolution
		{A8BCE1E3-828B-4AA2-92FE-A841C3B999D2}.Debug|Any CPU.ActiveCfg = Debug|Any CPU
		{A8BCE1E3-828B-4AA2-92FE-A841C3B999D2}.Debug|Any CPU.Build.0 = Debug|Any CPU
		{A8BCE1E3-828B-4AA2-92FE-A841C3B999D2}.Release|Any CPU.ActiveCfg = Release|Any CPU
		{A8BCE1E3-828B-4AA2-92FE-A841C3B999D2}.Release|Any CPU.Build.0 = Release|Any CPU
	EndGlobalSection
	GlobalSection(SolutionProperties) = preSolution
		HideSolutionNode = FALSE
	EndGlobalSection
	GlobalSection(ExtensibilityGlobals) = postSolution
		SolutionGuid = {2FD0DE85-057C-46D1-A031-7E6D80475D30}
	EndGlobalSection
EndGlobal
